
Microsoft Visual Studio Solution File, Format Version 12.00
# Visual Studio 15
VisualStudioVersion = 15.0.28307.329
MinimumVisualStudioVersion = 10.0.40219.1
Project("{FAE04EC0-301F-11D3-BF4B-00C04F79EFBC}") = "BinaryClassification", "BinaryClassification\BinaryClassification.csproj", "{73F93FE2-8D58-4DCC-87CB-08BE3E45EC10}"
EndProject
Project("{FAE04EC0-301F-11D3-BF4B-00C04F79EFBC}") = "MulticlassClassification", "MulticlassClassification\MulticlassClassification.csproj", "{95C189A7-4F69-4D0E-961A-7C06DE9568B8}"
EndProject
Project("{FAE04EC0-301F-11D3-BF4B-00C04F79EFBC}") = "Common", "Common\Common.csproj", "{F1D23998-1FF1-4069-8C1A-8563BF439DB4}"
EndProject
Global
	GlobalSection(SolutionConfigurationPlatforms) = preSolution
		Debug|Any CPU = Debug|Any CPU
		Release|Any CPU = Release|Any CPU
	EndGlobalSection
	GlobalSection(ProjectConfigurationPlatforms) = postSolution
		{73F93FE2-8D58-4DCC-87CB-08BE3E45EC10}.Debug|Any CPU.ActiveCfg = Debug|Any CPU
		{73F93FE2-8D58-4DCC-87CB-08BE3E45EC10}.Debug|Any CPU.Build.0 = Debug|Any CPU
		{73F93FE2-8D58-4DCC-87CB-08BE3E45EC10}.Release|Any CPU.ActiveCfg = Release|Any CPU
		{73F93FE2-8D58-4DCC-87CB-08BE3E45EC10}.Release|Any CPU.Build.0 = Release|Any CPU
		{95C189A7-4F69-4D0E-961A-7C06DE9568B8}.Debug|Any CPU.ActiveCfg = Debug|Any CPU
		{95C189A7-4F69-4D0E-961A-7C06DE9568B8}.Debug|Any CPU.Build.0 = Debug|Any CPU
		{95C189A7-4F69-4D0E-961A-7C06DE9568B8}.Release|Any CPU.ActiveCfg = Release|Any CPU
		{95C189A7-4F69-4D0E-961A-7C06DE9568B8}.Release|Any CPU.Build.0 = Release|Any CPU
		{F1D23998-1FF1-4069-8C1A-8563BF439DB4}.Debug|Any CPU.ActiveCfg = Debug|Any CPU
		{F1D23998-1FF1-4069-8C1A-8563BF439DB4}.Debug|Any CPU.Build.0 = Debug|Any CPU
		{F1D23998-1FF1-4069-8C1A-8563BF439DB4}.Release|Any CPU.ActiveCfg = Release|Any CPU
		{F1D23998-1FF1-4069-8C1A-8563BF439DB4}.Release|Any CPU.Build.0 = Release|Any CPU
	EndGlobalSection
	GlobalSection(SolutionProperties) = preSolution
		HideSolutionNode = FALSE
	EndGlobalSection
	GlobalSection(ExtensibilityGlobals) = postSolution
		SolutionGuid = {40565458-BA0E-4673-823E-5CB4309A3A3E}
	EndGlobalSection
EndGlobal
